# This file is autogenerated, do not edit; changes may be undone by the next 'dep ensure'.


[[projects]]
  branch = "master"
  digest = "1:7996950d6e7d367ff77af55a45a5f59aba0d15ecd4ae74697b1bda8e9f2e66ab"
  name = "github.com/agl/ed25519"
  packages = [
    "edwards25519",
    "extra25519",
  ]
  pruneopts = "T"
  revision = "5312a61534124124185d41f09206b9fef1d88403"

[[projects]]
  branch = "master"
  digest = "1:06951e8f35cdcaab989dd82bc93bc5af2ce21356aa636aa3aa594e0bca67bea6"
  name = "github.com/akavel/rsrc"
  packages = [
    "binutil",
    "coff",
    "ico",
    "internal",
    "rsrc",
  ]
  pruneopts = "T"
  revision = "f6a15ece2cfd2560077c556499f19340ddc768e9"

[[projects]]
  branch = "master"
  digest = "1:261e66e5e266e89b33eb9932598683884e18a61b0569e02c96675efd309ad006"
  name = "github.com/asticode/go-astilectron"
  packages = ["."]
  pruneopts = "T"
  revision = "576c111b093ac9b4641bbb23d0b2e122e0736179"

[[projects]]
  branch = "master"
  digest = "1:292c8a465d2f8ee98fb4b412c433caa7469b985ab197d2b3419979a494ca00bd"
  name = "github.com/asticode/go-astilectron-bootstrap"
  packages = ["."]
  pruneopts = "T"
  revision = "b3211646d2056d041dcc403e0ab57ad7d12449df"

[[projects]]
  branch = "master"
  digest = "1:686794cb000ae6f232cd2ada80efdea69d55f31d7e85e06e227e234e3196fc23"
  name = "github.com/asticode/go-astilectron-bundler"
  packages = ["."]
  pruneopts = "T"
  revision = "f6f70d2ef6667b9d8a755ce3461b7aa3d27b3115"

[[projects]]
  branch = "master"
  digest = "1:71f995757424fc8b7332d9c65ab30091baf9c6a3639b80f28ef57cb32e9faf40"
  name = "github.com/asticode/go-astilog"
  packages = ["."]
  pruneopts = "T"
  revision = "f17157b971b275cc7f495550c74a7a58be091437"

[[projects]]
  branch = "master"
  digest = "1:914588936be6c6959e1122bca891e37fdaabb3d95501ef687fbaa29905613c2c"
  name = "github.com/asticode/go-astitools"
  packages = [
    "archive",
    "context",
    "exec",
    "http",
    "io",
    "os",
    "ptr",
    "regexp",
    "url",
  ]
  pruneopts = "T"
  revision = "c1e26674a4c64531b76a335c769db3059bd0844f"

[[projects]]
  branch = "master"
  digest = "1:e77bac38acb4cb64b18dba9632a9702c861b5c925e407ea4cb57f870b9b60225"
  name = "github.com/asticode/go-bindata"
  packages = ["."]
  pruneopts = "T"
  revision = "a0ff2567cfb70903282db057e799fd826784d41d"

[[projects]]
  branch = "master"
  digest = "1:dc9639273af918022abda0ccfc02fea4d57cb01e5713ec53d807402df80be1ef"
  name = "github.com/chzyer/readline"
  packages = ["."]
  pruneopts = "T"
  revision = "2972be24d48e78746da79ba8e24e8b488c9880de"

[[projects]]
  digest = "1:9f42202ac457c462ad8bb9642806d275af9ab4850cf0b1960b9c6f083d4a309a"
  name = "github.com/davecgh/go-spew"
  packages = ["spew"]
  pruneopts = "T"
  revision = "8991bc29aa16c548c550c7ff78260e27b9ab7c73"
  version = "v1.1.1"

[[projects]]
  digest = "1:6b014c67cb522566c30ef02116f9acb50cd60954708cf92c6654e2985696db18"
  name = "github.com/dgrijalva/jwt-go"
  packages = ["."]
  pruneopts = "T"
  revision = "06ea1031745cb8b3dab3f6a236daf2b0aa468b7e"
  version = "v3.2.0"

[[projects]]
  digest = "1:086953b18921f5f74c5eec8be5019768636452c4d503987a9ad894f802651672"
  name = "github.com/disintegration/imaging"
  packages = ["."]
  pruneopts = "T"
  revision = "0bd5694c78c9c3d9a3cd06a706a8f3c59296a9ac"
  version = "v1.5.0"

[[projects]]
  digest = "1:90171b862cb6ec187304a593e4d78bfcbcf0f4394870eb66e0eb62cc06b144ad"
  name = "github.com/evanphx/json-patch"
  packages = ["."]
  pruneopts = "T"
  revision = "72bf35d0ff611848c1dc9df0f976c81192392fa5"
  version = "v4.1.0"

[[projects]]
  digest = "1:865079840386857c809b72ce300be7580cb50d3d3129ce11bf9aa6ca2bc1934a"
  name = "github.com/fatih/color"
  packages = ["."]
  pruneopts = "T"
  revision = "5b77d2a35fb0ede96d138fc9a99f5c9b6aef11b4"
  version = "v1.7.0"

[[projects]]
  digest = "1:27ae17a75b17237a08129c9dcca244fa55c6855502ea2838a7a00c362ad76b91"
  name = "github.com/gin-contrib/cors"
  packages = ["."]
  pruneopts = "T"
  revision = "cf4846e6a636a76237a28d9286f163c132e841bc"
  version = "v1.2"

[[projects]]
  branch = "master"
  digest = "1:c90367ef15d10d86d6202fc6dc4c5af299bca94eb0cca40d20539612ab2b42cd"
  name = "github.com/gin-contrib/size"
  packages = ["."]
  pruneopts = "T"
  revision = "76b079a5fce92386efcf161e9f0a14b93d125567"

[[projects]]
  branch = "master"
  digest = "1:36fe9527deed01d2a317617e59304eb2c4ce9f8a24115bcc5c2e37b3aee5bae4"
  name = "github.com/gin-contrib/sse"
  packages = ["."]
  pruneopts = "T"
  revision = "22d885f9ecc78bf4ee5d72b937e4bbcdc58e8cae"

[[projects]]
  digest = "1:a46c0549dc5facece0e543f3eeb9986f49d62920b385b84f54df7578915b939d"
  name = "github.com/gin-gonic/gin"
  packages = [
    ".",
    "binding",
    "json",
    "render",
  ]
  pruneopts = "T"
  revision = "b869fe1415e4b9eb52f247441830d502aece2d4d"
  version = "v1.3.0"

[[projects]]
  digest = "1:a2ecb56e5053d942aafc86738915fb94c9131bac848c543b8b6764365fd69080"
  name = "github.com/golang/protobuf"
  packages = [
    "proto",
    "ptypes",
    "ptypes/any",
    "ptypes/duration",
    "ptypes/struct",
    "ptypes/timestamp",
  ]
  pruneopts = "T"
  revision = "aa810b61a9c79d51363740d207bb46cf8e620ed5"
  version = "v1.2.0"

[[projects]]
  digest = "1:8f20c8dd713564fa97299fbcb77d729c6de9c33f3222812a76e6ecfaef80fd61"
  name = "github.com/hpcloud/tail"
  packages = [
    ".",
    "ratelimiter",
    "util",
    "watch",
    "winfile",
  ]
  pruneopts = "T"
  revision = "a30252cb686a21eb2d0b98132633053ec2f7f1e5"
  version = "v1.0.0"

[[projects]]
  digest = "1:3f222a291d2810bdeccb8ba10af58fd087269863c8196f7754cfa0de098a2b56"
  name = "github.com/jessevdk/go-flags"
  packages = ["."]
  pruneopts = "T"
  revision = "c6ca198ec95c841fdb89fc0de7496fed11ab854e"
  version = "v1.4.0"

[[projects]]
  digest = "1:5d713dbcad44f3358fec51fd5573d4f733c02cac5a40dcb177787ad5ffe9272f"
  name = "github.com/json-iterator/go"
  packages = ["."]
  pruneopts = "T"
  revision = "1624edc4454b8682399def8740d46db5e4362ba4"
  version = "v1.1.5"

[[projects]]
  digest = "1:ccfa094742ce1c97fd3f6481e1bf98f3d9862510eee2bc0eb56e2745396bd330"
  name = "github.com/julienschmidt/httprouter"
  packages = ["."]
  pruneopts = "T"
  revision = "8c199fb6259ffc1af525cc3ad52ee60ba8359669"
  version = "v1.1"

[[projects]]
  digest = "1:b168836ecd85a2d138391dbc464d2442ea9400c29cc0636f2c6056b996692e29"
  name = "github.com/mattn/go-colorable"
  packages = ["."]
  pruneopts = "T"
  revision = "167de6bfdfba052fa6b2d3664c8f5272e23c9072"
  version = "v0.0.9"

[[projects]]
  digest = "1:0981502f9816113c9c8c4ac301583841855c8cf4da8c72f696b3ebedf6d0e4e5"
  name = "github.com/mattn/go-isatty"
  packages = ["."]
  pruneopts = "T"
  revision = "6ca4dbf54d38eea1a992b3c722a76a5d1c4cb25c"
  version = "v0.0.4"

[[projects]]
  branch = "master"
  digest = "1:78bbb1ba5b7c3f2ed0ea1eab57bdd3859aec7e177811563edc41198a760b06af"
  name = "github.com/mitchellh/go-homedir"
  packages = ["."]
  pruneopts = "T"
  revision = "ae18d6b8b3205b561c79e8e5f69bff09736185f4"

[[projects]]
  digest = "1:33422d238f147d247752996a26574ac48dcf472976eda7f5134015f06bf16563"
  name = "github.com/modern-go/concurrent"
  packages = ["."]
  pruneopts = "T"
  revision = "bacd9c7ef1dd9b15be4a9909b8ac7a4e313eec94"
  version = "1.0.3"

[[projects]]
  digest = "1:e32bdbdb7c377a07a9a46378290059822efdce5c8d96fe71940d87cb4f918855"
  name = "github.com/modern-go/reflect2"
  packages = ["."]
  pruneopts = "T"
  revision = "4b7aa43c6742a2c18fdef89dd197aaae7dac7ccd"
  version = "1.0.1"

[[projects]]
  branch = "master"
  digest = "1:25adb195c50fff1666779f4f3cb88fc04ff789aa83929a9da8ade0ae4863bcc1"
  name = "github.com/mr-tron/base58"
  packages = ["base58"]
  pruneopts = "T"
  revision = "cee214dccb3e8160bdf79ed48a851f3a95a124ff"

[[projects]]
  branch = "master"
  digest = "1:5105e4b75f0a8e1be34365b871fc67fe89ca61841881f892cc56d3eecb7cbd7f"
  name = "github.com/mutecomm/go-sqlcipher"
  packages = ["."]
  pruneopts = "T"
  revision = "f799951b4ab269c2ce24913961af2cb5d681cc43"

[[projects]]
  digest = "1:99ec7b4370b05816679fe9ae77f1f8af4eae3df0abaeef8c3d2d42d86f55f549"
  name = "github.com/onsi/ginkgo"
  packages = [
    ".",
    "config",
    "extensions/table",
    "internal/codelocation",
    "internal/containernode",
    "internal/failer",
    "internal/leafnodes",
    "internal/remote",
    "internal/spec",
    "internal/spec_iterator",
    "internal/specrunner",
    "internal/suite",
    "internal/testingtproxy",
    "internal/writer",
    "reporters",
    "reporters/stenographer",
    "reporters/stenographer/support/go-colorable",
    "reporters/stenographer/support/go-isatty",
    "types",
  ]
  pruneopts = "T"
  revision = "3774a09d95489ccaa16032e0770d08ea77ba6184"
  version = "v1.6.0"

[[projects]]
  digest = "1:8dd7bb91b515b86408de9c0d553f14e97ffa21c65c643976242e63d11a28999a"
  name = "github.com/onsi/gomega"
  packages = [
    ".",
    "format",
    "internal/assertion",
    "internal/asyncassertion",
    "internal/oraclematcher",
    "internal/testingtsupport",
    "matchers",
    "matchers/support/goraph/bipartitegraph",
    "matchers/support/goraph/edge",
    "matchers/support/goraph/node",
    "matchers/support/goraph/util",
    "types",
  ]
  pruneopts = "T"
  revision = "7615b9433f86a8bdf29709bf288bc4fd0636a369"
  version = "v1.4.2"

[[projects]]
  digest = "1:40e195917a951a8bf867cd05de2a46aaf1806c50cf92eebf4c16f78cd196f747"
  name = "github.com/pkg/errors"
  packages = ["."]
  pruneopts = "T"
  revision = "645ef00459ed84a119197bfb8d8205042c6df63d"
  version = "v0.8.0"

[[projects]]
  digest = "1:22aa691fe0213cb5c07d103f9effebcb7ad04bee45a0ce5fe5369d0ca2ec3a1f"
  name = "github.com/pmezard/go-difflib"
  packages = ["difflib"]
  pruneopts = "T"
  revision = "792786c7400a136282c1664665ae0a8db921c6c2"
  version = "v1.0.0"

[[projects]]
  branch = "go1"
  digest = "1:954a46d3f8864275a4e3f4e17ef9d07e1f3b62873f65af0d046805372ac81f40"
  name = "github.com/rwcarlsen/goexif"
  packages = [
    "exif",
    "tiff",
  ]
  pruneopts = "T"
  revision = "8d986c03457a2057c7b0fb0a48113f7dd48f9619"

[[projects]]
  digest = "1:3d2e6a7c05ff2e4dba3cc9e7af53c73f467bc00e1f194f6ca0fc9d0622d256c9"
  name = "github.com/segmentio/ksuid"
  packages = ["."]
  pruneopts = "T"
  revision = "112f929a3020abfcd06b77c963ec919130796a35"
  version = "1.0.1"

[[projects]]
  digest = "1:e3bb58bcd5cf318d91ccdb290fd8e0e78d16add716b1ccf861fed19c1551fde0"
  name = "github.com/sirupsen/logrus"
  packages = ["."]
  pruneopts = "T"
  revision = "3e01752db0189b9157070a0e1668a620f9a85da2"
  version = "v1.0.6"

[[projects]]
  branch = "master"
  digest = "1:b64a5af1be52475e6599c7a84385fd93428b5ef391f1d9c2ace8b07d8a7f107a"
  name = "github.com/skip2/go-qrcode"
  packages = [
    ".",
    "bitset",
    "reedsolomon",
  ]
  pruneopts = "T"
  revision = "cf5f9fa2f0d847edb8e038db7ed975e239095e1a"

[[projects]]
  digest = "1:e95496462101745805bd4e041a5b841e108c7cf761264d53648246308de2761e"
  name = "github.com/stretchr/testify"
  packages = ["assert"]
  pruneopts = "T"
  revision = "f35b8ab0b5a2cef36673838d662e249dd9c94686"
  version = "v1.2.2"

[[projects]]
  branch = "master"
  digest = "1:bdc3f44533dbd81b8536fb037792d8aa2597744ab3a57a5f57fd297267b40e7e"
  name = "github.com/tyler-smith/go-bip39"
  packages = [
    ".",
    "wordlists",
  ]
  pruneopts = "T"
  revision = "95c66720ed7ac2f4b78ddb31d940d59193894f49"

[[projects]]
  digest = "1:a71a71ef17f7d6fc49b0572bb3d1253a5408dd5abb48d8908ac64a6e3f919ba8"
  name = "github.com/ugorji/go"
  packages = ["codec"]
  pruneopts = "T"
  revision = "b4c50a2b199d93b13dc15e78929cfb23bfdf21ab"
  version = "v1.1.1"

[[projects]]
  branch = "master"
  digest = "1:f4e5276a3b356f4692107047fd2890f2fe534f4feeb6b1fd2f6dfbd87f1ccf54"
  name = "github.com/xeipuuv/gojsonpointer"
  packages = ["."]
  pruneopts = "T"
  revision = "4e3ac2762d5f479393488629ee9370b50873b3a6"

[[projects]]
  branch = "master"
  digest = "1:dc6a6c28ca45d38cfce9f7cb61681ee38c5b99ec1425339bfc1e1a7ba769c807"
  name = "github.com/xeipuuv/gojsonreference"
  packages = ["."]
  pruneopts = "T"
  revision = "bd5ef7bd5415a7ac448318e64f11a24cd21e594b"

[[projects]]
  digest = "1:8c579f5e015a6d242d9421e754b892d075294379925ae40adc9e264c3044c887"
  name = "github.com/xeipuuv/gojsonschema"
  packages = ["."]
  pruneopts = "T"
  revision = "da425ebb7609ba06a0f395fc8a254d1c303364a0"
  version = "v1.0"

[[projects]]
  branch = "master"
  digest = "1:62fac8c414ce3fb59b87102ebebb04edd0287a721c0cd6b36f4dc866a42cf772"
  name = "golang.org/x/crypto"
  packages = [
    "bcrypt",
    "blowfish",
    "curve25519",
    "ed25519",
    "ed25519/internal/edwards25519",
    "internal/subtle",
    "nacl/box",
    "nacl/secretbox",
    "pbkdf2",
    "poly1305",
    "salsa20/salsa",
    "ssh/terminal",
  ]
  pruneopts = "T"
  revision = "0e37d006457bf46f9e6692014ba72ef82c33022c"

[[projects]]
  branch = "master"
  digest = "1:d3d40b0b54590e8128f50f10e8840c176276742b2b61906e8c757db25fa556f6"
  name = "golang.org/x/image"
  packages = [
    "bmp",
    "tiff",
    "tiff/lzw",
  ]
  pruneopts = "T"
  revision = "c73c2afc3b812cdd6385de5a50616511c4a3d458"

[[projects]]
  branch = "master"
  digest = "1:a42c6aed51ed8b42dae608760a24ce53b799ede0c31637dfcbf1116cd0c23b03"
  name = "golang.org/x/net"
  packages = [
    "context",
    "html",
    "html/atom",
    "html/charset",
  ]
  pruneopts = "T"
  revision = "26e67e76b6c3f6ce91f7c52def5af501b4e0f3a2"

[[projects]]
  branch = "master"
  digest = "1:57d967d0c359c56065e766555f82df575d98c6b1979f7d257b83220ed1340d3b"
  name = "golang.org/x/sys"
  packages = [
    "unix",
    "windows",
  ]
  pruneopts = "T"
  revision = "d0be0721c37eeb5299f245a996a483160fc36940"

[[projects]]
  digest = "1:6164911cb5e94e8d8d5131d646613ff82c14f5a8ce869de2f6d80d9889df8c5a"
  name = "golang.org/x/text"
  packages = [
    "encoding",
    "encoding/charmap",
    "encoding/htmlindex",
    "encoding/internal",
    "encoding/internal/identifier",
    "encoding/japanese",
    "encoding/korean",
    "encoding/simplifiedchinese",
    "encoding/traditionalchinese",
    "encoding/unicode",
    "internal/gen",
    "internal/tag",
    "internal/utf8internal",
    "language",
    "runes",
    "transform",
    "unicode/cldr",
  ]
  pruneopts = "T"
  revision = "f21a4dfb5e38f5895301dc265a8def02365cc3d0"
  version = "v0.3.0"

[[projects]]
  digest = "1:7fc160b460a6fc506b37fcca68332464c3f2cd57b6e3f111f26c5bbfd2d5518e"
  name = "gopkg.in/fsnotify.v1"
  packages = ["."]
  pruneopts = "T"
  revision = "c2828203cd70a50dcccfb2761f8b1f8ceef9a8e9"
  source = "https://github.com/fsnotify/fsnotify.git"
  version = "v1.4.7"

[[projects]]
  digest = "1:02714116710abce990f3fa478f52c8e7029590ef13f35aab723beecdf829f136"
  name = "gopkg.in/go-playground/validator.v8"
  packages = ["."]
  pruneopts = "T"
  revision = "5f1438d3fca68893a817e4a66806cea46a9e4ebf"
  version = "v8.18.2"

[[projects]]
  digest = "1:c805e517269b0ba4c21ded5836019ed7d16953d4026cb7d00041d039c7906be9"
  name = "gopkg.in/natefinch/lumberjack.v2"
  packages = ["."]
  pruneopts = "T"
  revision = "a96e63847dc3c67d17befa69c303767e2f84e54f"
  version = "v2.1"

[[projects]]
  branch = "v1"
  digest = "1:0caa92e17bc0b65a98c63e5bc76a9e844cd5e56493f8fdbb28fad101a16254d9"
  name = "gopkg.in/tomb.v1"
  packages = ["."]
  pruneopts = "T"
  revision = "dd632973f1e7218eb1089048e0798ec9ae7dceb8"

[[projects]]
  digest = "1:342378ac4dcb378a5448dd723f0784ae519383532f5e70ade24132c4c8693202"
  name = "gopkg.in/yaml.v2"
  packages = ["."]
  pruneopts = "T"
  revision = "5420a8b6744d3b0345ab293f6fcba19c978f1183"
  version = "v2.2.1"

[solve-meta]
  analyzer-name = "dep"
  analyzer-version = 1
  input-imports = [
    "github.com/agl/ed25519/extra25519",
    "github.com/asticode/go-astilectron",
    "github.com/asticode/go-astilectron-bootstrap",
    "github.com/asticode/go-astilog",
    "github.com/chzyer/readline",
    "github.com/dgrijalva/jwt-go",
    "github.com/disintegration/imaging",
    "github.com/evanphx/json-patch",
    "github.com/fatih/color",
    "github.com/gin-contrib/cors",
    "github.com/gin-contrib/size",
    "github.com/gin-gonic/gin",
    "github.com/gin-gonic/gin/render",
    "github.com/golang/protobuf/proto",
    "github.com/golang/protobuf/ptypes",
    "github.com/golang/protobuf/ptypes/any",
    "github.com/golang/protobuf/ptypes/struct",
    "github.com/golang/protobuf/ptypes/timestamp",
    "github.com/jessevdk/go-flags",
    "github.com/mitchellh/go-homedir",
    "github.com/mr-tron/base58/base58",
    "github.com/mutecomm/go-sqlcipher",
    "github.com/onsi/ginkgo",
    "github.com/onsi/ginkgo/extensions/table",
    "github.com/onsi/gomega",
    "github.com/onsi/gomega/types",
    "github.com/rwcarlsen/goexif/exif",
    "github.com/segmentio/ksuid",
    "github.com/skip2/go-qrcode",
    "github.com/stretchr/testify/assert",
    "github.com/tyler-smith/go-bip39",
    "github.com/xeipuuv/gojsonschema",
    "golang.org/x/crypto/bcrypt",
    "golang.org/x/crypto/ed25519",
    "golang.org/x/crypto/nacl/box",
    "gopkg.in/natefinch/lumberjack.v2",
  ]
  solver-name = "gps-cdcl"
  solver-version = 1
