# This file is autogenerated, do not edit; changes may be undone by the next 'dep ensure'.


[[projects]]
  digest = "1:bd3632deea7c224314b504dc51fbd244a59163e89c0cb730877d51bb13f5f74a"
  name = "github.com/PuerkitoBio/purell"
  packages = ["."]
  pruneopts = "T"
  revision = "44968752391892e1b0d0b821ee79e9a85fa13049"
  version = "v1.1.1"

[[projects]]
  branch = "master"
  digest = "1:c739832d67eb1e9cc478a19cc1a1ccd78df0397bf8a32978b759152e205f644b"
  name = "github.com/PuerkitoBio/urlesc"
  packages = ["."]
  pruneopts = "T"
  revision = "de5bf2ad457846296e2031421a34e2568e304e35"

[[projects]]
  branch = "master"
  digest = "1:7996950d6e7d367ff77af55a45a5f59aba0d15ecd4ae74697b1bda8e9f2e66ab"
  name = "github.com/agl/ed25519"
  packages = [
    "edwards25519",
    "extra25519",
  ]
  pruneopts = "T"
  revision = "5312a61534124124185d41f09206b9fef1d88403"

[[projects]]
  digest = "1:009e32bac92d22e3dd8f532ae0802a9cf72c39a2d28f21c33c6f3cfaf3e4fb78"
  name = "github.com/akavel/rsrc"
  packages = [
    "binutil",
    "coff",
    "ico",
    "internal",
    "rsrc",
  ]
  pruneopts = "T"
  revision = "b9f6b78f792dc3dddaf295854d968f5b6fdcdba1"
  version = "v0.8.0"

[[projects]]
  branch = "master"
  digest = "1:95197dfe44157a59ca91bffb8faa59a14f220806a3ed394d35a39c72180f8e36"
  name = "github.com/alecthomas/template"
  packages = [
    ".",
    "parse",
  ]
  pruneopts = "T"
  revision = "a0175ee3bccc567396460bf5acd36800cb10c49c"

[[projects]]
  branch = "master"
  digest = "1:aeae55547201c5272a40a6c910feb6f14000cd4346d46f20ce4ba7c6b2e3e34b"
  name = "github.com/asticode/go-astilectron"
  packages = ["."]
  pruneopts = "T"
  revision = "8e68f812e8a2dd6655af42a8d6bc44856dd172be"

[[projects]]
  branch = "master"
  digest = "1:292c8a465d2f8ee98fb4b412c433caa7469b985ab197d2b3419979a494ca00bd"
  name = "github.com/asticode/go-astilectron-bootstrap"
  packages = ["."]
  pruneopts = "T"
  revision = "b3211646d2056d041dcc403e0ab57ad7d12449df"

[[projects]]
  branch = "master"
  digest = "1:de2c4fbf151ea780f8a522d1b6e40eaabbdf1e7f498e7d0ed911b119fed9ce2a"
  name = "github.com/asticode/go-astilectron-bundler"
  packages = ["."]
  pruneopts = "T"
  revision = "5fc4c9f0c990ab61eb770aacbb176ea999c48d02"

[[projects]]
  digest = "1:9f7b4f119265856bca400f7d1b5cfb17f0ce03b54df745a52f6d0cd992d00049"
  name = "github.com/asticode/go-astilog"
  packages = ["."]
  pruneopts = "T"
  revision = "0237323dd944a5c9a95800b060e2747d2d676418"
  version = "v1.0.0"

[[projects]]
  digest = "1:207cb94472fbbd15e861826bafd1324cdbb311af589cfc34da38cfbab169c365"
  name = "github.com/asticode/go-astitools"
  packages = [
    "archive",
    "context",
    "exec",
    "http",
    "io",
    "os",
    "ptr",
    "regexp",
    "url",
  ]
  pruneopts = "T"
  revision = "1bf5322ba98b8ef298e34fca3d35af4cf354668a"
  version = "v1.0.0"

[[projects]]
  branch = "master"
  digest = "1:e77bac38acb4cb64b18dba9632a9702c861b5c925e407ea4cb57f870b9b60225"
  name = "github.com/asticode/go-bindata"
  packages = ["."]
  pruneopts = "T"
  revision = "a0ff2567cfb70903282db057e799fd826784d41d"

[[projects]]
  digest = "1:a3f40fbae63413c5f7bbcf891de76697de7e5005c0239fd83484e83c5efd6f68"
  name = "github.com/chzyer/readline"
  packages = ["."]
  pruneopts = "T"
  revision = "62c6fe6193755f722b8b8788aa7357be55a50ff1"
  version = "v1.4"

[[projects]]
  digest = "1:9f42202ac457c462ad8bb9642806d275af9ab4850cf0b1960b9c6f083d4a309a"
  name = "github.com/davecgh/go-spew"
  packages = ["spew"]
  pruneopts = "T"
  revision = "8991bc29aa16c548c550c7ff78260e27b9ab7c73"
  version = "v1.1.1"

[[projects]]
  digest = "1:6b014c67cb522566c30ef02116f9acb50cd60954708cf92c6654e2985696db18"
  name = "github.com/dgrijalva/jwt-go"
  packages = ["."]
  pruneopts = "T"
  revision = "06ea1031745cb8b3dab3f6a236daf2b0aa468b7e"
  version = "v3.2.0"

[[projects]]
  digest = "1:e72fcba92b5df58144198a0c57de6fbfbc413cedea3e95e210044bb991b19f7b"
  name = "github.com/disintegration/imaging"
  packages = ["."]
  pruneopts = "T"
  revision = "5362c131d56305ce787e79a5b94ffc956df00d62"
  version = "v1.6.0"

[[projects]]
  digest = "1:90171b862cb6ec187304a593e4d78bfcbcf0f4394870eb66e0eb62cc06b144ad"
  name = "github.com/evanphx/json-patch"
  packages = ["."]
  pruneopts = "T"
  revision = "72bf35d0ff611848c1dc9df0f976c81192392fa5"
  version = "v4.1.0"

[[projects]]
  digest = "1:865079840386857c809b72ce300be7580cb50d3d3129ce11bf9aa6ca2bc1934a"
  name = "github.com/fatih/color"
  packages = ["."]
  pruneopts = "T"
  revision = "5b77d2a35fb0ede96d138fc9a99f5c9b6aef11b4"
  version = "v1.7.0"

[[projects]]
  branch = "master"
  digest = "1:19ab9418dea0ca1828ec6fd46b6bc710e91a282b6efb82e38fc3d077385bf9a4"
  name = "github.com/gin-contrib/size"
  packages = ["."]
  pruneopts = "T"
  revision = "6fb8220baadb46fd93031cc9107d935b15a0927a"

[[projects]]
  branch = "master"
  digest = "1:a4b5a6b32f33323c7850fae4ec085a0fbac3be93c057b6b8cef5bcabe24645ac"
  name = "github.com/gin-contrib/sse"
  packages = ["."]
  pruneopts = "T"
  revision = "5545eab6dad3bbbd6c5ae9186383c2a9d23c0dae"

[[projects]]
  digest = "1:a46c0549dc5facece0e543f3eeb9986f49d62920b385b84f54df7578915b939d"
  name = "github.com/gin-gonic/gin"
  packages = [
    ".",
    "binding",
    "json",
    "render",
  ]
  pruneopts = "T"
  revision = "b869fe1415e4b9eb52f247441830d502aece2d4d"
  version = "v1.3.0"

[[projects]]
  digest = "1:701ec53dfa0182bf25e5c09e664906f11d697e779b59461a2607dbd4dc75a4f9"
  name = "github.com/go-openapi/jsonpointer"
  packages = ["."]
  pruneopts = "T"
  revision = "ef5f0afec364d3b9396b7b77b43dbe26bf1f8004"
  version = "v0.19.0"

[[projects]]
  digest = "1:3f17ebd557845adeb347c9e398394e96ebc18e0ec94cc04972be87851a4679e0"
  name = "github.com/go-openapi/jsonreference"
  packages = ["."]
  pruneopts = "T"
  revision = "8483a886a90412cd6858df4ea3483dce9c8e35a3"
  version = "v0.19.0"

[[projects]]
  digest = "1:40910b9a3f0c63bcbb9da11fe471a95899dc0e139284bd892ac18819a37bbfc5"
  name = "github.com/go-openapi/spec"
  packages = ["."]
  pruneopts = "T"
  revision = "53d776530bf78a11b03a7b52dd8a083086b045e5"
  version = "v0.19.0"

[[projects]]
  digest = "1:8d6ff454d55699bfcfdc2ef77547defda00f7531e4b6c4483e5606b749255168"
  name = "github.com/go-openapi/swag"
  packages = ["."]
  pruneopts = "T"
  revision = "b3e2804c8535ee0d1b89320afd98474d5b8e9e3b"
  version = "v0.19.0"

[[projects]]
  digest = "1:c06028bbc52478d997bbc08facb0c315aabc2295094d7bf8833756aa9aa25504"
  name = "github.com/golang/protobuf"
  packages = [
    "jsonpb",
    "proto",
    "ptypes",
    "ptypes/any",
    "ptypes/duration",
    "ptypes/struct",
    "ptypes/timestamp",
  ]
  pruneopts = "T"
  revision = "b5d812f8a3706043e23a9cd5babf2e5423744d30"
  version = "v1.3.1"

[[projects]]
  digest = "1:8f20c8dd713564fa97299fbcb77d729c6de9c33f3222812a76e6ecfaef80fd61"
  name = "github.com/hpcloud/tail"
  packages = [
    ".",
    "ratelimiter",
    "util",
    "watch",
    "winfile",
  ]
  pruneopts = "T"
  revision = "a30252cb686a21eb2d0b98132633053ec2f7f1e5"
  version = "v1.0.0"

[[projects]]
  digest = "1:3f222a291d2810bdeccb8ba10af58fd087269863c8196f7754cfa0de098a2b56"
  name = "github.com/jessevdk/go-flags"
  packages = ["."]
  pruneopts = "T"
  revision = "c6ca198ec95c841fdb89fc0de7496fed11ab854e"
  version = "v1.4.0"

[[projects]]
  digest = "1:e4f630893d2bbf8c268eba14e7cc92ef8844ee259a45e21ea77cf7656544cb7e"
  name = "github.com/json-iterator/go"
  packages = ["."]
  pruneopts = "T"
  revision = "0ff49de124c6f76f8494e194af75bde0f1a49a29"
  version = "v1.1.6"

[[projects]]
  digest = "1:f97285a3b0a496dcf8801072622230d513f69175665d94de60eb042d03387f6c"
  name = "github.com/julienschmidt/httprouter"
  packages = ["."]
  pruneopts = "T"
  revision = "348b672cd90d8190f8240323e372ecd1e66b59dc"
  version = "v1.2.0"

[[projects]]
  digest = "1:31e761d97c76151dde79e9d28964a812c46efc5baee4085b86f68f0c654450de"
  name = "github.com/konsorten/go-windows-terminal-sequences"
  packages = ["."]
  pruneopts = "T"
  revision = "f55edac94c9bbba5d6182a4be46d86a2c9b5b50e"
  version = "v1.0.2"

[[projects]]
  branch = "master"
  digest = "1:d594a6358158ddbd8996cefe7982228a1f57a6d0f27b6ea71b7e04cf578170aa"
  name = "github.com/mailru/easyjson"
  packages = [
    "buffer",
    "jlexer",
    "jwriter",
  ]
  pruneopts = "T"
  revision = "1ea4449da9834f4d333f1cc461c374aea217d249"

[[projects]]
  digest = "1:b168836ecd85a2d138391dbc464d2442ea9400c29cc0636f2c6056b996692e29"
  name = "github.com/mattn/go-colorable"
  packages = ["."]
  pruneopts = "T"
  revision = "167de6bfdfba052fa6b2d3664c8f5272e23c9072"
  version = "v0.0.9"

[[projects]]
  digest = "1:e150b5fafbd7607e2d638e4e5cf43aa4100124e5593385147b0a74e2733d8b0d"
  name = "github.com/mattn/go-isatty"
  packages = ["."]
  pruneopts = "T"
  revision = "c2a7a6ca930a4cd0bc33a3f298eb71960732a3a7"
  version = "v0.0.7"

[[projects]]
  digest = "1:5d231480e1c64a726869bc4142d270184c419749d34f167646baa21008eb0a79"
  name = "github.com/mitchellh/go-homedir"
  packages = ["."]
  pruneopts = "T"
  revision = "af06845cf3004701891bf4fdb884bfe4920b3727"
  version = "v1.1.0"

[[projects]]
  digest = "1:33422d238f147d247752996a26574ac48dcf472976eda7f5134015f06bf16563"
  name = "github.com/modern-go/concurrent"
  packages = ["."]
  pruneopts = "T"
  revision = "bacd9c7ef1dd9b15be4a9909b8ac7a4e313eec94"
  version = "1.0.3"

[[projects]]
  digest = "1:e32bdbdb7c377a07a9a46378290059822efdce5c8d96fe71940d87cb4f918855"
  name = "github.com/modern-go/reflect2"
  packages = ["."]
  pruneopts = "T"
  revision = "4b7aa43c6742a2c18fdef89dd197aaae7dac7ccd"
  version = "1.0.1"

[[projects]]
  digest = "1:e5f582b211c2ebe976f888293a457e6036fb03c0d3db7263516384523364f634"
  name = "github.com/mr-tron/base58"
  packages = ["base58"]
  pruneopts = "T"
  revision = "6598572f05537592acb5a609ff53c4c7fbba7a3e"
  version = "v1.1.1"

[[projects]]
  digest = "1:562d1b6f92d67210f16e854b100b0bf00e0bce1811a4d7cd446f56c536e98208"
  name = "github.com/mutecomm/go-sqlcipher"
  packages = ["."]
  pruneopts = "T"
  revision = "55dbde17881f711acb6da09a3eeca312ed16240a"
  version = "v3.4.2"

[[projects]]
  digest = "1:a9d7e75bf5bf7434f26e9c3ce1292a8a78481478efc45558915d57847d6cd0f9"
  name = "github.com/onsi/ginkgo"
  packages = [
    ".",
    "config",
    "extensions/table",
    "internal/codelocation",
    "internal/containernode",
    "internal/failer",
    "internal/leafnodes",
    "internal/remote",
    "internal/spec",
    "internal/spec_iterator",
    "internal/specrunner",
    "internal/suite",
    "internal/testingtproxy",
    "internal/writer",
    "reporters",
    "reporters/stenographer",
    "reporters/stenographer/support/go-colorable",
    "reporters/stenographer/support/go-isatty",
    "types",
  ]
  pruneopts = "T"
  revision = "eea6ad008b96acdaa524f5b409513bf062b500ad"
  version = "v1.8.0"

[[projects]]
  digest = "1:bcb151c314e2bfa85e5398ad24e86f60bc6b85db87293d4e8f6e83a62090ee68"
  name = "github.com/onsi/gomega"
  packages = [
    ".",
    "format",
    "internal/assertion",
    "internal/asyncassertion",
    "internal/oraclematcher",
    "internal/testingtsupport",
    "matchers",
    "matchers/support/goraph/bipartitegraph",
    "matchers/support/goraph/edge",
    "matchers/support/goraph/node",
    "matchers/support/goraph/util",
    "types",
  ]
  pruneopts = "T"
  revision = "90e289841c1ed79b7a598a7cd9959750cb5e89e2"
  version = "v1.5.0"

[[projects]]
  digest = "1:cf31692c14422fa27c83a05292eb5cbe0fb2775972e8f1f8446a71549bd8980b"
  name = "github.com/pkg/errors"
  packages = ["."]
  pruneopts = "T"
  revision = "ba968bfe8b2f7e042a574c888954fccecfa385b4"
  version = "v0.8.1"

[[projects]]
  digest = "1:22aa691fe0213cb5c07d103f9effebcb7ad04bee45a0ce5fe5369d0ca2ec3a1f"
  name = "github.com/pmezard/go-difflib"
  packages = ["difflib"]
  pruneopts = "T"
  revision = "792786c7400a136282c1664665ae0a8db921c6c2"
  version = "v1.0.0"

[[projects]]
  digest = "1:a8a03bca5a81878daa4958136f3372af00437c61129ca088a430b0b786b9378a"
  name = "github.com/rs/cors"
  packages = [
    ".",
    "wrapper/gin",
  ]
  pruneopts = "T"
  revision = "9a47f48565a795472d43519dd49aac781f3034fb"
  version = "v1.6.0"

[[projects]]
  branch = "go1"
  digest = "1:8a587c8895aa344cfd9ce23b63219716c8ec51e1493cd50b852683745734b75d"
  name = "github.com/rwcarlsen/goexif"
  packages = [
    "exif",
    "tiff",
  ]
  pruneopts = "T"
  revision = "9e8deecbddbd4989a3e8d003684b783412b41e7a"

[[projects]]
  digest = "1:b0e610ed5ca77bebf0c631d9e1a46ebc695df6e954161af87d76fb23ce78d33d"
  name = "github.com/sam-kamerer/go-plister"
  packages = ["."]
  pruneopts = "T"
  revision = "30eae28cab5bef0e3c6876f2af87a5127b30c12c"
  version = "v1.1.2"

[[projects]]
  digest = "1:f1d1bd38d240d1f75f5f017d3c452f8aefda28f677deb652b1bb4e39e22e9a8c"
  name = "github.com/segmentio/ksuid"
  packages = ["."]
  pruneopts = "T"
  revision = "ffd9a8aaaf8f40792e055371eba06542348e991e"
  version = "v1.0.2"

[[projects]]
  digest = "1:c3498d1186a4f84897812aa2dccfbd5d805955846f2cd020aa384bf0b218e9e9"
  name = "github.com/sirupsen/logrus"
  packages = ["."]
  pruneopts = "T"
  revision = "8bdbc7bcc01dcbb8ec23dc8a28e332258d25251f"
  version = "v1.4.1"

[[projects]]
  digest = "1:17c4ccf5cdb1627aaaeb5c1725cb13aec97b63ea2033d4a6824dcaedf94223dc"
  name = "github.com/stretchr/testify"
  packages = ["assert"]
  pruneopts = "T"
  revision = "ffdc059bfe9ce6a4e144ba849dbedead332c6053"
  version = "v1.3.0"

[[projects]]
  digest = "1:81d00c0bfb16a8190bbd4d201936bd18620435815bfd091c24ab40c4f32ebb87"
  name = "github.com/swaggo/gin-swagger"
  packages = [
    ".",
    "swaggerFiles",
  ]
  pruneopts = "T"
  revision = "ea4ea9de0c1dfbdab6e540e7723828953babdf4b"
  version = "v1.1.0"

[[projects]]
  digest = "1:f43392f4fd2d04be01c98ce1a0d9fcd31cdfef51d7af976aa8872fc03a085654"
  name = "github.com/swaggo/swag"
  packages = ["."]
  pruneopts = "T"
  revision = "a5009d0064c700c555082c4290d6eab9a923721b"
  version = "v1.5.0"

[[projects]]
  digest = "1:6bae001f7c4cddc9ebf2b47bd5ff1bd3978a84b422c468d6037dad284c8c8e9d"
  name = "github.com/tyler-smith/go-bip39"
  packages = [
    ".",
    "wordlists",
  ]
  pruneopts = "T"
  revision = "dbb3b84ba2ef14e894f5e33d6c6e43641e665738"

[[projects]]
  digest = "1:5c1d10d6f61202b2ea174db3e90200d904a575da1da64c8b76cd90d5c6dc7b68"
  name = "github.com/ugorji/go"
  packages = ["codec"]
  pruneopts = "T"
  revision = "2adff0894ba3bc2eeb9f9aea45fefd49802e1a13"
  version = "v1.1.4"

[[projects]]
  branch = "master"
  digest = "1:f4e5276a3b356f4692107047fd2890f2fe534f4feeb6b1fd2f6dfbd87f1ccf54"
  name = "github.com/xeipuuv/gojsonpointer"
  packages = ["."]
  pruneopts = "T"
  revision = "4e3ac2762d5f479393488629ee9370b50873b3a6"

[[projects]]
  branch = "master"
  digest = "1:dc6a6c28ca45d38cfce9f7cb61681ee38c5b99ec1425339bfc1e1a7ba769c807"
  name = "github.com/xeipuuv/gojsonreference"
  packages = ["."]
  pruneopts = "T"
  revision = "bd5ef7bd5415a7ac448318e64f11a24cd21e594b"

[[projects]]
  digest = "1:6d01aadbf9c582bc90c520707fcab1e63af19649218d785c49d6aa561c8948a8"
  name = "github.com/xeipuuv/gojsonschema"
  packages = ["."]
  pruneopts = "T"
  revision = "f971f3cd73b2899de6923801c147f075263e0c50"
  version = "v1.1.0"

[[projects]]
  branch = "master"
  digest = "1:b10cb53f2450695fdfe1751e6e113b0304d4ddf55c1a8bb292d93ab992a19097"
  name = "golang.org/x/crypto"
  packages = [
    "bcrypt",
    "blowfish",
    "curve25519",
    "internal/subtle",
    "nacl/box",
    "nacl/secretbox",
    "pbkdf2",
    "poly1305",
    "salsa20/salsa",
    "ssh/terminal",
  ]
  pruneopts = "T"
  revision = "88737f569e3a9c7ab309cdc09a07fe7fc87233c3"

[[projects]]
  branch = "master"
  digest = "1:4b8e03c45c09356fd5ad7e02cf9d6db02887ce1776164f38871515b686aabbe1"
  name = "golang.org/x/image"
  packages = [
    "bmp",
    "tiff",
    "tiff/lzw",
  ]
  pruneopts = "T"
  revision = "3fc05d484e9f77dd51816890e05f2602e4ca4d65"

[[projects]]
  branch = "master"
  digest = "1:1cbb0d15f83c1f415675143a3f57ae2f236a0f4df5c71c7308a3931f6bb13c2c"
  name = "golang.org/x/net"
  packages = [
    "context",
    "html",
    "html/atom",
    "html/charset",
    "idna",
    "webdav",
    "webdav/internal/xml",
  ]
  pruneopts = "T"
  revision = "eb5bcb51f2a31c7d5141d810b70815c05d9c9146"

[[projects]]
  branch = "master"
  digest = "1:1a76ae7da324d7db956608f0ff9f0e663bf33951d6d78e550009d905b942c67c"
  name = "golang.org/x/sys"
  packages = [
    "cpu",
    "unix",
    "windows",
  ]
  pruneopts = "T"
  revision = "97732733099d6a942a73b889770774366de963ed"

[[projects]]
  digest = "1:6164911cb5e94e8d8d5131d646613ff82c14f5a8ce869de2f6d80d9889df8c5a"
  name = "golang.org/x/text"
  packages = [
    "collate",
    "collate/build",
    "encoding",
    "encoding/charmap",
    "encoding/htmlindex",
    "encoding/internal",
    "encoding/internal/identifier",
    "encoding/japanese",
    "encoding/korean",
    "encoding/simplifiedchinese",
    "encoding/traditionalchinese",
    "encoding/unicode",
    "internal/colltab",
    "internal/gen",
    "internal/tag",
    "internal/triegen",
    "internal/ucd",
    "internal/utf8internal",
    "language",
    "runes",
    "secure/bidirule",
    "transform",
    "unicode/bidi",
    "unicode/cldr",
    "unicode/norm",
    "unicode/rangetable",
    "width",
  ]
  pruneopts = "T"
  revision = "f21a4dfb5e38f5895301dc265a8def02365cc3d0"
  version = "v0.3.0"

[[projects]]
  branch = "master"
  digest = "1:07fbffbec52bebe5a10ecac0cbe127034a5a07424b5b10a319eb2bcc15aad387"
  name = "golang.org/x/tools"
  packages = [
    "go/ast/astutil",
    "go/buildutil",
    "go/internal/cgo",
    "go/loader",
  ]
  pruneopts = "T"
  revision = "681f9ce8ac52c4ba431539a515ecb7f2ab72eca0"

[[projects]]
  digest = "1:7fc160b460a6fc506b37fcca68332464c3f2cd57b6e3f111f26c5bbfd2d5518e"
  name = "gopkg.in/fsnotify.v1"
  packages = ["."]
  pruneopts = "T"
  revision = "c2828203cd70a50dcccfb2761f8b1f8ceef9a8e9"
  source = "https://github.com/fsnotify/fsnotify.git"
  version = "v1.4.7"

[[projects]]
  digest = "1:02714116710abce990f3fa478f52c8e7029590ef13f35aab723beecdf829f136"
  name = "gopkg.in/go-playground/validator.v8"
  packages = ["."]
  pruneopts = "T"
  revision = "5f1438d3fca68893a817e4a66806cea46a9e4ebf"
  version = "v8.18.2"

[[projects]]
  digest = "1:c805e517269b0ba4c21ded5836019ed7d16953d4026cb7d00041d039c7906be9"
  name = "gopkg.in/natefinch/lumberjack.v2"
  packages = ["."]
  pruneopts = "T"
  revision = "a96e63847dc3c67d17befa69c303767e2f84e54f"
  version = "v2.1"

[[projects]]
  branch = "v1"
  digest = "1:0caa92e17bc0b65a98c63e5bc76a9e844cd5e56493f8fdbb28fad101a16254d9"
  name = "gopkg.in/tomb.v1"
  packages = ["."]
  pruneopts = "T"
  revision = "dd632973f1e7218eb1089048e0798ec9ae7dceb8"

[[projects]]
  digest = "1:4d2e5a73dc1500038e504a8d78b986630e3626dc027bc030ba5c75da257cdb96"
  name = "gopkg.in/yaml.v2"
  packages = ["."]
  pruneopts = "T"
  revision = "51d6538a90f86fe93ac480b35f37b2be17fef232"
  version = "v2.2.2"

[solve-meta]
  analyzer-name = "dep"
  analyzer-version = 1
  input-imports = [
    "github.com/agl/ed25519/extra25519",
    "github.com/alecthomas/template",
    "github.com/asticode/go-astilectron",
    "github.com/asticode/go-astilectron-bootstrap",
    "github.com/asticode/go-astilog",
    "github.com/chzyer/readline",
    "github.com/dgrijalva/jwt-go",
    "github.com/disintegration/imaging",
    "github.com/evanphx/json-patch",
    "github.com/fatih/color",
    "github.com/gin-contrib/size",
    "github.com/gin-gonic/gin",
    "github.com/gin-gonic/gin/render",
    "github.com/golang/protobuf/jsonpb",
    "github.com/golang/protobuf/proto",
    "github.com/golang/protobuf/ptypes",
    "github.com/golang/protobuf/ptypes/any",
    "github.com/golang/protobuf/ptypes/struct",
    "github.com/golang/protobuf/ptypes/timestamp",
    "github.com/jessevdk/go-flags",
    "github.com/mitchellh/go-homedir",
    "github.com/mr-tron/base58/base58",
    "github.com/mutecomm/go-sqlcipher",
    "github.com/onsi/ginkgo",
    "github.com/onsi/ginkgo/extensions/table",
    "github.com/onsi/gomega",
    "github.com/onsi/gomega/types",
    "github.com/pkg/errors",
    "github.com/rs/cors/wrapper/gin",
    "github.com/rwcarlsen/goexif/exif",
    "github.com/segmentio/ksuid",
    "github.com/stretchr/testify/assert",
    "github.com/swaggo/gin-swagger",
    "github.com/swaggo/gin-swagger/swaggerFiles",
    "github.com/swaggo/swag",
    "github.com/tyler-smith/go-bip39",
    "github.com/xeipuuv/gojsonschema",
    "golang.org/x/crypto/bcrypt",
    "golang.org/x/crypto/nacl/box",
    "gopkg.in/natefinch/lumberjack.v2",
  ]
  solver-name = "gps-cdcl"
  solver-version = 1
